// !$*UTF8*$!
{
	archiveVersion = 1;
	classes = {
	};
	objectVersion = 46;
	objects = {

/* Begin PBXBuildFile section */
		AE78C7AD182ECC3300896BEE /* Foundation.framework in Frameworks */ = {isa = PBXBuildFile; fileRef = AE78C7AC182ECC3300896BEE /* Foundation.framework */; };
		AE78C7AF182ECC3300896BEE /* CoreGraphics.framework in Frameworks */ = {isa = PBXBuildFile; fileRef = AE78C7AE182ECC3300896BEE /* CoreGraphics.framework */; };
		AE78C7B1182ECC3300896BEE /* UIKit.framework in Frameworks */ = {isa = PBXBuildFile; fileRef = AE78C7B0182ECC3300896BEE /* UIKit.framework */; };
		AE78C7B7182ECC3300896BEE /* InfoPlist.strings in Resources */ = {isa = PBXBuildFile; fileRef = AE78C7B5182ECC3300896BEE /* InfoPlist.strings */; };
		AE78C7B9182ECC3300896BEE /* main.m in Sources */ = {isa = PBXBuildFile; fileRef = AE78C7B8182ECC3300896BEE /* main.m */; };
		AE78C7BD182ECC3300896BEE /* AppDelegate.m in Sources */ = {isa = PBXBuildFile; fileRef = AE78C7BC182ECC3300896BEE /* AppDelegate.m */; };
		AE78C7C0182ECC3300896BEE /* Main.storyboard in Resources */ = {isa = PBXBuildFile; fileRef = AE78C7BE182ECC3300896BEE /* Main.storyboard */; };
		AE78C7C3182ECC3300896BEE /* ViewController.m in Sources */ = {isa = PBXBuildFile; fileRef = AE78C7C2182ECC3300896BEE /* ViewController.m */; };
		AE78C7C5182ECC3300896BEE /* Images.xcassets in Resources */ = {isa = PBXBuildFile; fileRef = AE78C7C4182ECC3300896BEE /* Images.xcassets */; };
		AE78C7CC182ECC3400896BEE /* XCTest.framework in Frameworks */ = {isa = PBXBuildFile; fileRef = AE78C7CB182ECC3400896BEE /* XCTest.framework */; };
		AE78C7CD182ECC3400896BEE /* Foundation.framework in Frameworks */ = {isa = PBXBuildFile; fileRef = AE78C7AC182ECC3300896BEE /* Foundation.framework */; };
		AE78C7CE182ECC3400896BEE /* UIKit.framework in Frameworks */ = {isa = PBXBuildFile; fileRef = AE78C7B0182ECC3300896BEE /* UIKit.framework */; };
		AE78C7D6182ECC3400896BEE /* InfoPlist.strings in Resources */ = {isa = PBXBuildFile; fileRef = AE78C7D4182ECC3400896BEE /* InfoPlist.strings */; };
		AE78C7D8182ECC3400896BEE /* ios_appTests.m in Sources */ = {isa = PBXBuildFile; fileRef = AE78C7D7182ECC3400896BEE /* ios_appTests.m */; };
		AE78C7E2182ECF0400896BEE /* chart-of-the-day-ipad-unit-sales-oct-2012.jpg in Resources */ = {isa = PBXBuildFile; fileRef = AE78C7E1182ECF0400896BEE /* chart-of-the-day-ipad-unit-sales-oct-2012.jpg */; };
/* End PBXBuildFile section */

/* Begin PBXContainerItemProxy section */
		AE78C7CF182ECC3400896BEE /* PBXContainerItemProxy */ = {
			isa = PBXContainerItemProxy;
			containerPortal = AE78C7A1182ECC3300896BEE /* Project object */;
			proxyType = 1;
			remoteGlobalIDString = AE78C7A8182ECC3300896BEE;
			remoteInfo = "ios-app";
		};
/* End PBXContainerItemProxy section */

/* Begin PBXFileReference section */
		AE78C7A9182ECC3300896BEE /* ios-app.app */ = {isa = PBXFileReference; explicitFileType = wrapper.application; includeInIndex = 0; path = "ios-app.app"; sourceTree = BUILT_PRODUCTS_DIR; };
		AE78C7AC182ECC3300896BEE /* Foundation.framework */ = {isa = PBXFileReference; lastKnownFileType = wrapper.framework; name = Foundation.framework; path = System/Library/Frameworks/Foundation.framework; sourceTree = SDKROOT; };
		AE78C7AE182ECC3300896BEE /* CoreGraphics.framework */ = {isa = PBXFileReference; lastKnownFileType = wrapper.framework; name = CoreGraphics.framework; path = System/Library/Frameworks/CoreGraphics.framework; sourceTree = SDKROOT; };
		AE78C7B0182ECC3300896BEE /* UIKit.framework */ = {isa = PBXFileReference; lastKnownFileType = wrapper.framework; name = UIKit.framework; path = System/Library/Frameworks/UIKit.framework; sourceTree = SDKROOT; };
		AE78C7B4182ECC3300896BEE /* ios-app-Info.plist */ = {isa = PBXFileReference; lastKnownFileType = text.plist.xml; path = "ios-app-Info.plist"; sourceTree = "<group>"; };
		AE78C7B6182ECC3300896BEE /* en */ = {isa = PBXFileReference; lastKnownFileType = text.plist.strings; name = en; path = en.lproj/InfoPlist.strings; sourceTree = "<group>"; };
		AE78C7B8182ECC3300896BEE /* main.m */ = {isa = PBXFileReference; lastKnownFileType = sourcecode.c.objc; path = main.m; sourceTree = "<group>"; };
		AE78C7BA182ECC3300896BEE /* ios-app-Prefix.pch */ = {isa = PBXFileReference; lastKnownFileType = sourcecode.c.h; path = "ios-app-Prefix.pch"; sourceTree = "<group>"; };
		AE78C7BB182ECC3300896BEE /* AppDelegate.h */ = {isa = PBXFileReference; lastKnownFileType = sourcecode.c.h; path = AppDelegate.h; sourceTree = "<group>"; };
		AE78C7BC182ECC3300896BEE /* AppDelegate.m */ = {isa = PBXFileReference; lastKnownFileType = sourcecode.c.objc; path = AppDelegate.m; sourceTree = "<group>"; };
		AE78C7BF182ECC3300896BEE /* Base */ = {isa = PBXFileReference; lastKnownFileType = file.storyboard; name = Base; path = Base.lproj/Main.storyboard; sourceTree = "<group>"; };
		AE78C7C1182ECC3300896BEE /* ViewController.h */ = {isa = PBXFileReference; lastKnownFileType = sourcecode.c.h; path = ViewController.h; sourceTree = "<group>"; };
		AE78C7C2182ECC3300896BEE /* ViewController.m */ = {isa = PBXFileReference; lastKnownFileType = sourcecode.c.objc; path = ViewController.m; sourceTree = "<group>"; };
		AE78C7C4182ECC3300896BEE /* Images.xcassets */ = {isa = PBXFileReference; lastKnownFileType = folder.assetcatalog; path = Images.xcassets; sourceTree = "<group>"; };
		AE78C7CA182ECC3400896BEE /* ios-appTests.xctest */ = {isa = PBXFileReference; explicitFileType = wrapper.cfbundle; includeInIndex = 0; path = "ios-appTests.xctest"; sourceTree = BUILT_PRODUCTS_DIR; };
		AE78C7CB182ECC3400896BEE /* XCTest.framework */ = {isa = PBXFileReference; lastKnownFileType = wrapper.framework; name = XCTest.framework; path = Library/Frameworks/XCTest.framework; sourceTree = DEVELOPER_DIR; };
		AE78C7D3182ECC3400896BEE /* ios-appTests-Info.plist */ = {isa = PBXFileReference; lastKnownFileType = text.plist.xml; path = "ios-appTests-Info.plist"; sourceTree = "<group>"; };
		AE78C7D5182ECC3400896BEE /* en */ = {isa = PBXFileReference; lastKnownFileType = text.plist.strings; name = en; path = en.lproj/InfoPlist.strings; sourceTree = "<group>"; };
		AE78C7D7182ECC3400896BEE /* ios_appTests.m */ = {isa = PBXFileReference; lastKnownFileType = sourcecode.c.objc; path = ios_appTests.m; sourceTree = "<group>"; };
		AE78C7E1182ECF0400896BEE /* chart-of-the-day-ipad-unit-sales-oct-2012.jpg */ = {isa = PBXFileReference; lastKnownFileType = image.jpeg; path = "chart-of-the-day-ipad-unit-sales-oct-2012.jpg"; sourceTree = "<group>"; };
/* End PBXFileReference section */

/* Begin PBXFrameworksBuildPhase section */
		AE78C7A6182ECC3300896BEE /* Frameworks */ = {
			isa = PBXFrameworksBuildPhase;
			buildActionMask = 2147483647;
			files = (
				AE78C7AF182ECC3300896BEE /* CoreGraphics.framework in Frameworks */,
				AE78C7B1182ECC3300896BEE /* UIKit.framework in Frameworks */,
				AE78C7AD182ECC3300896BEE /* Foundation.framework in Frameworks */,
			);
			runOnlyForDeploymentPostprocessing = 0;
		};
		AE78C7C7182ECC3400896BEE /* Frameworks */ = {
			isa = PBXFrameworksBuildPhase;
			buildActionMask = 2147483647;
			files = (
				AE78C7CC182ECC3400896BEE /* XCTest.framework in Frameworks */,
				AE78C7CE182ECC3400896BEE /* UIKit.framework in Frameworks */,
				AE78C7CD182ECC3400896BEE /* Foundation.framework in Frameworks */,
			);
			runOnlyForDeploymentPostprocessing = 0;
		};
/* End PBXFrameworksBuildPhase section */

/* Begin PBXGroup section */
		AE78C7A0182ECC3300896BEE = {
			isa = PBXGroup;
			children = (
				AE78C7B2182ECC3300896BEE /* ios-app */,
				AE78C7D1182ECC3400896BEE /* ios-appTests */,
				AE78C7AB182ECC3300896BEE /* Frameworks */,
				AE78C7AA182ECC3300896BEE /* Products */,
			);
			sourceTree = "<group>";
		};
		AE78C7AA182ECC3300896BEE /* Products */ = {
			isa = PBXGroup;
			children = (
				AE78C7A9182ECC3300896BEE /* ios-app.app */,
				AE78C7CA182ECC3400896BEE /* ios-appTests.xctest */,
			);
			name = Products;
			sourceTree = "<group>";
		};
		AE78C7AB182ECC3300896BEE /* Frameworks */ = {
			isa = PBXGroup;
			children = (
				AE78C7AC182ECC3300896BEE /* Foundation.framework */,
				AE78C7AE182ECC3300896BEE /* CoreGraphics.framework */,
				AE78C7B0182ECC3300896BEE /* UIKit.framework */,
				AE78C7CB182ECC3400896BEE /* XCTest.framework */,
			);
			name = Frameworks;
			sourceTree = "<group>";
		};
		AE78C7B2182ECC3300896BEE /* ios-app */ = {
			isa = PBXGroup;
			children = (
				AE78C7BB182ECC3300896BEE /* AppDelegate.h */,
				AE78C7BC182ECC3300896BEE /* AppDelegate.m */,
				AE78C7BE182ECC3300896BEE /* Main.storyboard */,
				AE78C7C1182ECC3300896BEE /* ViewController.h */,
				AE78C7C2182ECC3300896BEE /* ViewController.m */,
				AE78C7C4182ECC3300896BEE /* Images.xcassets */,
				AE78C7B3182ECC3300896BEE /* Supporting Files */,
			);
			path = "ios-app";
			sourceTree = "<group>";
		};
		AE78C7B3182ECC3300896BEE /* Supporting Files */ = {
			isa = PBXGroup;
			children = (
				AE78C7E1182ECF0400896BEE /* chart-of-the-day-ipad-unit-sales-oct-2012.jpg */,
				AE78C7B4182ECC3300896BEE /* ios-app-Info.plist */,
				AE78C7B5182ECC3300896BEE /* InfoPlist.strings */,
				AE78C7B8182ECC3300896BEE /* main.m */,
				AE78C7BA182ECC3300896BEE /* ios-app-Prefix.pch */,
			);
			name = "Supporting Files";
			sourceTree = "<group>";
		};
		AE78C7D1182ECC3400896BEE /* ios-appTests */ = {
			isa = PBXGroup;
			children = (
				AE78C7D7182ECC3400896BEE /* ios_appTests.m */,
				AE78C7D2182ECC3400896BEE /* Supporting Files */,
			);
			path = "ios-appTests";
			sourceTree = "<group>";
		};
		AE78C7D2182ECC3400896BEE /* Supporting Files */ = {
			isa = PBXGroup;
			children = (
				AE78C7D3182ECC3400896BEE /* ios-appTests-Info.plist */,
				AE78C7D4182ECC3400896BEE /* InfoPlist.strings */,
			);
			name = "Supporting Files";
			sourceTree = "<group>";
		};
/* End PBXGroup section */

/* Begin PBXNativeTarget section */
		AE78C7A8182ECC3300896BEE /* ios-app */ = {
			isa = PBXNativeTarget;
			buildConfigurationList = AE78C7DB182ECC3400896BEE /* Build configuration list for PBXNativeTarget "ios-app" */;
			buildPhases = (
				AE78C7A5182ECC3300896BEE /* Sources */,
				AE78C7A6182ECC3300896BEE /* Frameworks */,
				AE78C7A7182ECC3300896BEE /* Resources */,
			);
			buildRules = (
			);
			dependencies = (
			);
			name = "ios-app";
			productName = "ios-app";
			productReference = AE78C7A9182ECC3300896BEE /* ios-app.app */;
			productType = "com.apple.product-type.application";
		};
		AE78C7C9182ECC3400896BEE /* ios-appTests */ = {
			isa = PBXNativeTarget;
			buildConfigurationList = AE78C7DE182ECC3400896BEE /* Build configuration list for PBXNativeTarget "ios-appTests" */;
			buildPhases = (
				AE78C7C6182ECC3400896BEE /* Sources */,
				AE78C7C7182ECC3400896BEE /* Frameworks */,
				AE78C7C8182ECC3400896BEE /* Resources */,
			);
			buildRules = (
			);
			dependencies = (
				AE78C7D0182ECC3400896BEE /* PBXTargetDependency */,
			);
			name = "ios-appTests";
			productName = "ios-appTests";
			productReference = AE78C7CA182ECC3400896BEE /* ios-appTests.xctest */;
			productType = "com.apple.product-type.bundle.unit-test";
		};
/* End PBXNativeTarget section */

/* Begin PBXProject section */
		AE78C7A1182ECC3300896BEE /* Project object */ = {
			isa = PBXProject;
			attributes = {
				LastUpgradeCheck = 0500;
				ORGANIZATIONNAME = "Matt Schmulen";
				TargetAttributes = {
					AE78C7C9182ECC3400896BEE = {
						TestTargetID = AE78C7A8182ECC3300896BEE;
					};
				};
			};
			buildConfigurationList = AE78C7A4182ECC3300896BEE /* Build configuration list for PBXProject "ios-app" */;
			compatibilityVersion = "Xcode 3.2";
			developmentRegion = English;
			hasScannedForEncodings = 0;
			knownRegions = (
				en,
				Base,
			);
			mainGroup = AE78C7A0182ECC3300896BEE;
			productRefGroup = AE78C7AA182ECC3300896BEE /* Products */;
			projectDirPath = "";
			projectRoot = "";
			targets = (
				AE78C7A8182ECC3300896BEE /* ios-app */,
				AE78C7C9182ECC3400896BEE /* ios-appTests */,
			);
		};
/* End PBXProject section */

/* Begin PBXResourcesBuildPhase section */
		AE78C7A7182ECC3300896BEE /* Resources */ = {
			isa = PBXResourcesBuildPhase;
			buildActionMask = 2147483647;
			files = (
				AE78C7C5182ECC3300896BEE /* Images.xcassets in Resources */,
				AE78C7B7182ECC3300896BEE /* InfoPlist.strings in Resources */,
				AE78C7C0182ECC3300896BEE /* Main.storyboard in Resources */,
				AE78C7E2182ECF0400896BEE /* chart-of-the-day-ipad-unit-sales-oct-2012.jpg in Resources */,
			);
			runOnlyForDeploymentPostprocessing = 0;
		};
		AE78C7C8182ECC3400896BEE /* Resources */ = {
			isa = PBXResourcesBuildPhase;
			buildActionMask = 2147483647;
			files = (
				AE78C7D6182ECC3400896BEE /* InfoPlist.strings in Resources */,
			);
			runOnlyForDeploymentPostprocessing = 0;
		};
/* End PBXResourcesBuildPhase section */

/* Begin PBXSourcesBuildPhase section */
		AE78C7A5182ECC3300896BEE /* Sources */ = {
			isa = PBXSourcesBuildPhase;
			buildActionMask = 2147483647;
			files = (
				AE78C7C3182ECC3300896BEE /* ViewController.m in Sources */,
				AE78C7BD182ECC3300896BEE /* AppDelegate.m in Sources */,
				AE78C7B9182ECC3300896BEE /* main.m in Sources */,
			);
			runOnlyForDeploymentPostprocessing = 0;
		};
		AE78C7C6182ECC3400896BEE /* Sources */ = {
			isa = PBXSourcesBuildPhase;
			buildActionMask = 2147483647;
			files = (
				AE78C7D8182ECC3400896BEE /* ios_appTests.m in Sources */,
			);
			runOnlyForDeploymentPostprocessing = 0;
		};
/* End PBXSourcesBuildPhase section */

/* Begin PBXTargetDependency section */
		AE78C7D0182ECC3400896BEE /* PBXTargetDependency */ = {
			isa = PBXTargetDependency;
			target = AE78C7A8182ECC3300896BEE /* ios-app */;
			targetProxy = AE78C7CF182ECC3400896BEE /* PBXContainerItemProxy */;
		};
/* End PBXTargetDependency section */

/* Begin PBXVariantGroup section */
		AE78C7B5182ECC3300896BEE /* InfoPlist.strings */ = {
			isa = PBXVariantGroup;
			children = (
				AE78C7B6182ECC3300896BEE /* en */,
			);
			name = InfoPlist.strings;
			sourceTree = "<group>";
		};
		AE78C7BE182ECC3300896BEE /* Main.storyboard */ = {
			isa = PBXVariantGroup;
			children = (
				AE78C7BF182ECC3300896BEE /* Base */,
			);
			name = Main.storyboard;
			sourceTree = "<group>";
		};
		AE78C7D4182ECC3400896BEE /* InfoPlist.strings */ = {
			isa = PBXVariantGroup;
			children = (
				AE78C7D5182ECC3400896BEE /* en */,
			);
			name = InfoPlist.strings;
			sourceTree = "<group>";
		};
/* End PBXVariantGroup section */

/* Begin XCBuildConfiguration section */
		AE78C7D9182ECC3400896BEE /* Debug */ = {
			isa = XCBuildConfiguration;
			buildSettings = {
				ALWAYS_SEARCH_USER_PATHS = NO;
				ARCHS = "$(ARCHS_STANDARD_INCLUDING_64_BIT)";
				CLANG_CXX_LANGUAGE_STANDARD = "gnu++0x";
				CLANG_CXX_LIBRARY = "libc++";
				CLANG_ENABLE_MODULES = YES;
				CLANG_ENABLE_OBJC_ARC = YES;
				CLANG_WARN_BOOL_CONVERSION = YES;
				CLANG_WARN_CONSTANT_CONVERSION = YES;
				CLANG_WARN_DIRECT_OBJC_ISA_USAGE = YES_ERROR;
				CLANG_WARN_EMPTY_BODY = YES;
				CLANG_WARN_ENUM_CONVERSION = YES;
				CLANG_WARN_INT_CONVERSION = YES;
				CLANG_WARN_OBJC_ROOT_CLASS = YES_ERROR;
				CLANG_WARN__DUPLICATE_METHOD_MATCH = YES;
				"CODE_SIGN_IDENTITY[sdk=iphoneos*]" = "iPhone Developer";
				COPY_PHASE_STRIP = NO;
				GCC_C_LANGUAGE_STANDARD = gnu99;
				GCC_DYNAMIC_NO_PIC = NO;
				GCC_OPTIMIZATION_LEVEL = 0;
				GCC_PREPROCESSOR_DEFINITIONS = (
					"DEBUG=1",
					"$(inherited)",
				);
				GCC_SYMBOLS_PRIVATE_EXTERN = NO;
				GCC_WARN_64_TO_32_BIT_CONVERSION = YES;
				GCC_WARN_ABOUT_RETURN_TYPE = YES_ERROR;
				GCC_WARN_UNDECLARED_SELECTOR = YES;
				GCC_WARN_UNINITIALIZED_AUTOS = YES;
				GCC_WARN_UNUSED_FUNCTION = YES;
				GCC_WARN_UNUSED_VARIABLE = YES;
				IPHONEOS_DEPLOYMENT_TARGET = 7.0;
				ONLY_ACTIVE_ARCH = YES;
				SDKROOT = iphoneos;
			};
			name = Debug;
		};
		AE78C7DA182ECC3400896BEE /* Release */ = {
			isa = XCBuildConfiguration;
			buildSettings = {
				ALWAYS_SEARCH_USER_PATHS = NO;
				ARCHS = "$(ARCHS_STANDARD_INCLUDING_64_BIT)";
				CLANG_CXX_LANGUAGE_STANDARD = "gnu++0x";
				CLANG_CXX_LIBRARY = "libc++";
				CLANG_ENABLE_MODULES = YES;
				CLANG_ENABLE_OBJC_ARC = YES;
				CLANG_WARN_BOOL_CONVERSION = YES;
				CLANG_WARN_CONSTANT_CONVERSION = YES;
				CLANG_WARN_DIRECT_OBJC_ISA_USAGE = YES_ERROR;
				CLANG_WARN_EMPTY_BODY = YES;
				CLANG_WARN_ENUM_CONVERSION = YES;
				CLANG_WARN_INT_CONVERSION = YES;
				CLANG_WARN_OBJC_ROOT_CLASS = YES_ERROR;
				CLANG_WARN__DUPLICATE_METHOD_MATCH = YES;
				"CODE_SIGN_IDENTITY[sdk=iphoneos*]" = "iPhone Developer";
				COPY_PHASE_STRIP = YES;
				ENABLE_NS_ASSERTIONS = NO;
				GCC_C_LANGUAGE_STANDARD = gnu99;
				GCC_WARN_64_TO_32_BIT_CONVERSION = YES;
				GCC_WARN_ABOUT_RETURN_TYPE = YES_ERROR;
				GCC_WARN_UNDECLARED_SELECTOR = YES;
				GCC_WARN_UNINITIALIZED_AUTOS = YES;
				GCC_WARN_UNUSED_FUNCTION = YES;
				GCC_WARN_UNUSED_VARIABLE = YES;
				IPHONEOS_DEPLOYMENT_TARGET = 7.0;
				SDKROOT = iphoneos;
				VALIDATE_PRODUCT = YES;
			};
			name = Release;
		};
		AE78C7DC182ECC3400896BEE /* Debug */ = {
			isa = XCBuildConfiguration;
			buildSettings = {
				ASSETCATALOG_COMPILER_APPICON_NAME = AppIcon;
				ASSETCATALOG_COMPILER_LAUNCHIMAGE_NAME = LaunchImage;
				GCC_PRECOMPILE_PREFIX_HEADER = YES;
				GCC_PREFIX_HEADER = "ios-app/ios-app-Prefix.pch";
				INFOPLIST_FILE = "ios-app/ios-app-Info.plist";
				PRODUCT_NAME = "$(TARGET_NAME)";
				WRAPPER_EXTENSION = app;
			};
			name = Debug;
		};
		AE78C7DD182ECC3400896BEE /* Release */ = {
			isa = XCBuildConfiguration;
			buildSettings = {
				ASSETCATALOG_COMPILER_APPICON_NAME = AppIcon;
				ASSETCATALOG_COMPILER_LAUNCHIMAGE_NAME = LaunchImage;
				GCC_PRECOMPILE_PREFIX_HEADER = YES;
				GCC_PREFIX_HEADER = "ios-app/ios-app-Prefix.pch";
				INFOPLIST_FILE = "ios-app/ios-app-Info.plist";
				PRODUCT_NAME = "$(TARGET_NAME)";
				WRAPPER_EXTENSION = app;
			};
			name = Release;
		};
		AE78C7DF182ECC3400896BEE /* Debug */ = {
			isa = XCBuildConfiguration;
			buildSettings = {
				ARCHS = "$(ARCHS_STANDARD_INCLUDING_64_BIT)";
				BUNDLE_LOADER = "$(BUILT_PRODUCTS_DIR)/ios-app.app/ios-app";
				FRAMEWORK_SEARCH_PATHS = (
					"$(SDKROOT)/Developer/Library/Frameworks",
					"$(inherited)",
					"$(DEVELOPER_FRAMEWORKS_DIR)",
				);
				GCC_PRECOMPILE_PREFIX_HEADER = YES;
				GCC_PREFIX_HEADER = "ios-app/ios-app-Prefix.pch";
				GCC_PREPROCESSOR_DEFINITIONS = (
					"DEBUG=1",
					"$(inherited)",
				);
				INFOPLIST_FILE = "ios-appTests/ios-appTests-Info.plist";
				PRODUCT_NAME = "$(TARGET_NAME)";
				TEST_HOST = "$(BUNDLE_LOADER)";
				WRAPPER_EXTENSION = xctest;
			};
			name = Debug;
		};
		AE78C7E0182ECC3400896BEE /* Release */ = {
			isa = XCBuildConfiguration;
			buildSettings = {
				ARCHS = "$(ARCHS_STANDARD_INCLUDING_64_BIT)";
				BUNDLE_LOADER = "$(BUILT_PRODUCTS_DIR)/ios-app.app/ios-app";
				FRAMEWORK_SEARCH_PATHS = (
					"$(SDKROOT)/Developer/Library/Frameworks",
					"$(inherited)",
					"$(DEVELOPER_FRAMEWORKS_DIR)",
				);
				GCC_PRECOMPILE_PREFIX_HEADER = YES;
				GCC_PREFIX_HEADER = "ios-app/ios-app-Prefix.pch";
				INFOPLIST_FILE = "ios-appTests/ios-appTests-Info.plist";
				PRODUCT_NAME = "$(TARGET_NAME)";
				TEST_HOST = "$(BUNDLE_LOADER)";
				WRAPPER_EXTENSION = xctest;
			};
			name = Release;
		};
/* End XCBuildConfiguration section */

/* Begin XCConfigurationList section */
		AE78C7A4182ECC3300896BEE /* Build configuration list for PBXProject "ios-app" */ = {
			isa = XCConfigurationList;
			buildConfigurations = (
				AE78C7D9182ECC3400896BEE /* Debug */,
				AE78C7DA182ECC3400896BEE /* Release */,
			);
			defaultConfigurationIsVisible = 0;
			defaultConfigurationName = Release;
		};
		AE78C7DB182ECC3400896BEE /* Build configuration list for PBXNativeTarget "ios-app" */ = {
			isa = XCConfigurationList;
			buildConfigurations = (
				AE78C7DC182ECC3400896BEE /* Debug */,
				AE78C7DD182ECC3400896BEE /* Release */,
			);
			defaultConfigurationIsVisible = 0;
		};
		AE78C7DE182ECC3400896BEE /* Build configuration list for PBXNativeTarget "ios-appTests" */ = {
			isa = XCConfigurationList;
			buildConfigurations = (
				AE78C7DF182ECC3400896BEE /* Debug */,
				AE78C7E0182ECC3400896BEE /* Release */,
			);
			defaultConfigurationIsVisible = 0;
		};
/* End XCConfigurationList section */
	};
	rootObject = AE78C7A1182ECC3300896BEE /* Project object */;
}
